
Microsoft Visual Studio Solution File, Format Version 12.00
# Visual Studio Version 16
VisualStudioVersion = 16.0.32510.428
MinimumVisualStudioVersion = 10.0.40219.1
Project("{8BC9CEB8-8B4A-11D0-8D11-00A0C91BC942}") = "FirstProject", "FirstProject\FirstProject.vcxproj", "{BCFAE11D-70F6-4ACE-8470-AF2EB3683979}"
EndProject
Project("{8BC9CEB8-8B4A-11D0-8D11-00A0C91BC942}") = "TasksWithVariables", "TasksWithVariables\TasksWithVariables.vcxproj", "{CE917397-5F8B-44FF-9E51-7C58D5D32C4E}"
EndProject
Project("{2150E333-8FDC-42A3-9474-1A3956D46DE8}") = "01. Podstawy programowania", "01. Podstawy programowania", "{626D6A69-B0B5-4EEB-B6F4-547100F5C02C}"
EndProject
Project("{2150E333-8FDC-42A3-9474-1A3956D46DE8}") = "02. Instrukcje warunkowe", "02. Instrukcje warunkowe", "{946F53B5-7C64-4ACB-935B-1500E3E2B056}"
EndProject
Project("{8BC9CEB8-8B4A-11D0-8D11-00A0C91BC942}") = "DecisionInstruction", "DecisionInstruction\DecisionInstruction.vcxproj", "{703CA18E-A562-41EB-8EFD-32AEE9A9F5AE}"
EndProject
Project("{8BC9CEB8-8B4A-11D0-8D11-00A0C91BC942}") = "LoopInstructions", "LoopInstructions\LoopInstructions.vcxproj", "{6CE341F6-EB28-4306-AD40-9E1E02EDAF55}"
EndProject
Project("{2150E333-8FDC-42A3-9474-1A3956D46DE8}") = "03. Zadania", "03. Zadania", "{E38DFE25-7047-40F3-B194-30BD5D90FFBE}"
EndProject
Project("{8BC9CEB8-8B4A-11D0-8D11-00A0C91BC942}") = "LotOfTasks", "LotOfTasks\LotOfTasks.vcxproj", "{DBE6C6B3-89EA-4429-9D28-27B5F91C1AF6}"
EndProject
Project("{2150E333-8FDC-42A3-9474-1A3956D46DE8}") = "04. Funkcje", "04. Funkcje", "{1A37EEDE-662F-4A0A-9FFC-3DC9E4E39F16}"
EndProject
Project("{8BC9CEB8-8B4A-11D0-8D11-00A0C91BC942}") = "FunctionApp", "FunctionApp\FunctionApp.vcxproj", "{B9FD6996-E27C-4E6F-A7BD-79CA60481C90}"
EndProject
Project("{8BC9CEB8-8B4A-11D0-8D11-00A0C91BC942}") = "PeselConsoleApplication", "PeselConsoleApplication\PeselConsoleApplication.vcxproj", "{202C98AF-C586-4D28-A238-AD3A1B71E3BB}"
EndProject
Global
	GlobalSection(SolutionConfigurationPlatforms) = preSolution
		Debug|x64 = Debug|x64
		Debug|x86 = Debug|x86
		Release|x64 = Release|x64
		Release|x86 = Release|x86
	EndGlobalSection
	GlobalSection(ProjectConfigurationPlatforms) = postSolution
		{BCFAE11D-70F6-4ACE-8470-AF2EB3683979}.Debug|x64.ActiveCfg = Debug|x64
		{BCFAE11D-70F6-4ACE-8470-AF2EB3683979}.Debug|x64.Build.0 = Debug|x64
		{BCFAE11D-70F6-4ACE-8470-AF2EB3683979}.Debug|x86.ActiveCfg = Debug|Win32
		{BCFAE11D-70F6-4ACE-8470-AF2EB3683979}.Debug|x86.Build.0 = Debug|Win32
		{BCFAE11D-70F6-4ACE-8470-AF2EB3683979}.Release|x64.ActiveCfg = Release|x64
		{BCFAE11D-70F6-4ACE-8470-AF2EB3683979}.Release|x64.Build.0 = Release|x64
		{BCFAE11D-70F6-4ACE-8470-AF2EB3683979}.Release|x86.ActiveCfg = Release|Win32
		{BCFAE11D-70F6-4ACE-8470-AF2EB3683979}.Release|x86.Build.0 = Release|Win32
		{CE917397-5F8B-44FF-9E51-7C58D5D32C4E}.Debug|x64.ActiveCfg = Debug|x64
		{CE917397-5F8B-44FF-9E51-7C58D5D32C4E}.Debug|x64.Build.0 = Debug|x64
		{CE917397-5F8B-44FF-9E51-7C58D5D32C4E}.Debug|x86.ActiveCfg = Debug|Win32
		{CE917397-5F8B-44FF-9E51-7C58D5D32C4E}.Debug|x86.Build.0 = Debug|Win32
		{CE917397-5F8B-44FF-9E51-7C58D5D32C4E}.Release|x64.ActiveCfg = Release|x64
		{CE917397-5F8B-44FF-9E51-7C58D5D32C4E}.Release|x64.Build.0 = Release|x64
		{CE917397-5F8B-44FF-9E51-7C58D5D32C4E}.Release|x86.ActiveCfg = Release|Win32
		{CE917397-5F8B-44FF-9E51-7C58D5D32C4E}.Release|x86.Build.0 = Release|Win32
		{703CA18E-A562-41EB-8EFD-32AEE9A9F5AE}.Debug|x64.ActiveCfg = Debug|x64
		{703CA18E-A562-41EB-8EFD-32AEE9A9F5AE}.Debug|x64.Build.0 = Debug|x64
		{703CA18E-A562-41EB-8EFD-32AEE9A9F5AE}.Debug|x86.ActiveCfg = Debug|Win32
		{703CA18E-A562-41EB-8EFD-32AEE9A9F5AE}.Debug|x86.Build.0 = Debug|Win32
		{703CA18E-A562-41EB-8EFD-32AEE9A9F5AE}.Release|x64.ActiveCfg = Release|x64
		{703CA18E-A562-41EB-8EFD-32AEE9A9F5AE}.Release|x64.Build.0 = Release|x64
		{703CA18E-A562-41EB-8EFD-32AEE9A9F5AE}.Release|x86.ActiveCfg = Release|Win32
		{703CA18E-A562-41EB-8EFD-32AEE9A9F5AE}.Release|x86.Build.0 = Release|Win32
		{6CE341F6-EB28-4306-AD40-9E1E02EDAF55}.Debug|x64.ActiveCfg = Debug|x64
		{6CE341F6-EB28-4306-AD40-9E1E02EDAF55}.Debug|x64.Build.0 = Debug|x64
		{6CE341F6-EB28-4306-AD40-9E1E02EDAF55}.Debug|x86.ActiveCfg = Debug|Win32
		{6CE341F6-EB28-4306-AD40-9E1E02EDAF55}.Debug|x86.Build.0 = Debug|Win32
		{6CE341F6-EB28-4306-AD40-9E1E02EDAF55}.Release|x64.ActiveCfg = Release|x64
		{6CE341F6-EB28-4306-AD40-9E1E02EDAF55}.Release|x64.Build.0 = Release|x64
		{6CE341F6-EB28-4306-AD40-9E1E02EDAF55}.Release|x86.ActiveCfg = Release|Win32
		{6CE341F6-EB28-4306-AD40-9E1E02EDAF55}.Release|x86.Build.0 = Release|Win32
		{DBE6C6B3-89EA-4429-9D28-27B5F91C1AF6}.Debug|x64.ActiveCfg = Debug|x64
		{DBE6C6B3-89EA-4429-9D28-27B5F91C1AF6}.Debug|x64.Build.0 = Debug|x64
		{DBE6C6B3-89EA-4429-9D28-27B5F91C1AF6}.Debug|x86.ActiveCfg = Debug|Win32
		{DBE6C6B3-89EA-4429-9D28-27B5F91C1AF6}.Debug|x86.Build.0 = Debug|Win32
		{DBE6C6B3-89EA-4429-9D28-27B5F91C1AF6}.Release|x64.ActiveCfg = Release|x64
		{DBE6C6B3-89EA-4429-9D28-27B5F91C1AF6}.Release|x64.Build.0 = Release|x64
		{DBE6C6B3-89EA-4429-9D28-27B5F91C1AF6}.Release|x86.ActiveCfg = Release|Win32
		{DBE6C6B3-89EA-4429-9D28-27B5F91C1AF6}.Release|x86.Build.0 = Release|Win32
		{B9FD6996-E27C-4E6F-A7BD-79CA60481C90}.Debug|x64.ActiveCfg = Debug|x64
		{B9FD6996-E27C-4E6F-A7BD-79CA60481C90}.Debug|x64.Build.0 = Debug|x64
		{B9FD6996-E27C-4E6F-A7BD-79CA60481C90}.Debug|x86.ActiveCfg = Debug|Win32
		{B9FD6996-E27C-4E6F-A7BD-79CA60481C90}.Debug|x86.Build.0 = Debug|Win32
		{B9FD6996-E27C-4E6F-A7BD-79CA60481C90}.Release|x64.ActiveCfg = Release|x64
		{B9FD6996-E27C-4E6F-A7BD-79CA60481C90}.Release|x64.Build.0 = Release|x64
		{B9FD6996-E27C-4E6F-A7BD-79CA60481C90}.Release|x86.ActiveCfg = Release|Win32
		{B9FD6996-E27C-4E6F-A7BD-79CA60481C90}.Release|x86.Build.0 = Release|Win32
		{202C98AF-C586-4D28-A238-AD3A1B71E3BB}.Debug|x64.ActiveCfg = Debug|x64
		{202C98AF-C586-4D28-A238-AD3A1B71E3BB}.Debug|x64.Build.0 = Debug|x64
		{202C98AF-C586-4D28-A238-AD3A1B71E3BB}.Debug|x86.ActiveCfg = Debug|Win32
		{202C98AF-C586-4D28-A238-AD3A1B71E3BB}.Debug|x86.Build.0 = Debug|Win32
		{202C98AF-C586-4D28-A238-AD3A1B71E3BB}.Release|x64.ActiveCfg = Release|x64
		{202C98AF-C586-4D28-A238-AD3A1B71E3BB}.Release|x64.Build.0 = Release|x64
		{202C98AF-C586-4D28-A238-AD3A1B71E3BB}.Release|x86.ActiveCfg = Release|Win32
		{202C98AF-C586-4D28-A238-AD3A1B71E3BB}.Release|x86.Build.0 = Release|Win32
	EndGlobalSection
	GlobalSection(SolutionProperties) = preSolution
		HideSolutionNode = FALSE
	EndGlobalSection
	GlobalSection(NestedProjects) = preSolution
		{BCFAE11D-70F6-4ACE-8470-AF2EB3683979} = {626D6A69-B0B5-4EEB-B6F4-547100F5C02C}
		{CE917397-5F8B-44FF-9E51-7C58D5D32C4E} = {626D6A69-B0B5-4EEB-B6F4-547100F5C02C}
		{703CA18E-A562-41EB-8EFD-32AEE9A9F5AE} = {946F53B5-7C64-4ACB-935B-1500E3E2B056}
		{6CE341F6-EB28-4306-AD40-9E1E02EDAF55} = {946F53B5-7C64-4ACB-935B-1500E3E2B056}
		{DBE6C6B3-89EA-4429-9D28-27B5F91C1AF6} = {E38DFE25-7047-40F3-B194-30BD5D90FFBE}
		{B9FD6996-E27C-4E6F-A7BD-79CA60481C90} = {1A37EEDE-662F-4A0A-9FFC-3DC9E4E39F16}
		{202C98AF-C586-4D28-A238-AD3A1B71E3BB} = {E38DFE25-7047-40F3-B194-30BD5D90FFBE}
	EndGlobalSection
	GlobalSection(ExtensibilityGlobals) = postSolution
		SolutionGuid = {77A83098-39B9-4A8F-A584-1CBAB34C0F7D}
	EndGlobalSection
EndGlobal
